{
  "object": {
    "pins": [
      {
        "package": "Difference",
        "repositoryURL": "https://github.com/krzysztofzablocki/Difference.git",
        "state": {
          "branch": null,
          "revision": "e8d023826efc3aef58cf21cc2f6483ad3a067f5b",
          "version": "1.0.0"
        }
      }
    ]
  },
  "version": 1
}
